
Microsoft Visual Studio Solution File, Format Version 12.00
# Visual Studio Version 16
VisualStudioVersion = 16.0.29911.84
MinimumVisualStudioVersion = 10.0.40219.1
Project("{FAE04EC0-301F-11D3-BF4B-00C04F79EFBC}") = "Crossword", "Crossword.csproj", "{FDFA4EC5-374D-46B5-AEE6-40C4897337DF}"
EndProject
Global
	GlobalSection(SolutionConfigurationPlatforms) = preSolution
		Debug|Any CPU = Debug|Any CPU
		Release|Any CPU = Release|Any CPU
	EndGlobalSection
	GlobalSection(ProjectConfigurationPlatforms) = postSolution
		{FDFA4EC5-374D-46B5-AEE6-40C4897337DF}.Debug|Any CPU.ActiveCfg = Debug|Any CPU
		{FDFA4EC5-374D-46B5-AEE6-40C4897337DF}.Debug|Any CPU.Build.0 = Debug|Any CPU
		{FDFA4EC5-374D-46B5-AEE6-40C4897337DF}.Release|Any CPU.ActiveCfg = Release|Any CPU
		{FDFA4EC5-374D-46B5-AEE6-40C4897337DF}.Release|Any CPU.Build.0 = Release|Any CPU
	EndGlobalSection
	GlobalSection(SolutionProperties) = preSolution
		HideSolutionNode = FALSE
	EndGlobalSection
	GlobalSection(ExtensibilityGlobals) = postSolution
		SolutionGuid = {DE610115-1BD2-473E-9C9C-353FB2808290}
	EndGlobalSection
EndGlobal
